
Microsoft Visual Studio Solution File, Format Version 12.00
# Visual Studio Version 16
VisualStudioVersion = 16.0.29209.62
MinimumVisualStudioVersion = 10.0.40219.1
Project("{9A19103F-16F7-4668-BE54-9A1E7A4F7556}") = "MaskPropertiesProject", "MaskPropertiesProject.csproj", "{99D59191-A773-41F5-BF0E-8C738A40E150}"
EndProject
Global
	GlobalSection(SolutionConfigurationPlatforms) = preSolution
		Debug|Any CPU = Debug|Any CPU
		Release|Any CPU = Release|Any CPU
	EndGlobalSection
	GlobalSection(ProjectConfigurationPlatforms) = postSolution
		{99D59191-A773-41F5-BF0E-8C738A40E150}.Debug|Any CPU.ActiveCfg = Debug|Any CPU
		{99D59191-A773-41F5-BF0E-8C738A40E150}.Debug|Any CPU.Build.0 = Debug|Any CPU
		{99D59191-A773-41F5-BF0E-8C738A40E150}.Release|Any CPU.ActiveCfg = Release|Any CPU
		{99D59191-A773-41F5-BF0E-8C738A40E150}.Release|Any CPU.Build.0 = Release|Any CPU
	EndGlobalSection
	GlobalSection(SolutionProperties) = preSolution
		HideSolutionNode = FALSE
	EndGlobalSection
	GlobalSection(ExtensibilityGlobals) = postSolution
		SolutionGuid = {E1FD79FE-E149-4BEA-B79B-4B0E0AFC82C2}
	EndGlobalSection
EndGlobal
